
Microsoft Visual Studio Solution File, Format Version 12.00
# Visual Studio Version 17
VisualStudioVersion = 17.2.32630.192
MinimumVisualStudioVersion = 10.0.40219.1
Project("{FAE04EC0-301F-11D3-BF4B-00C04F79EFBC}") = "BeerRecipeAPI", "BeerRecipeAPI.csproj", "{2A6940F5-27FB-4C65-8F50-544185665219}"
EndProject
Global
	GlobalSection(SolutionConfigurationPlatforms) = preSolution
		Debug|Any CPU = Debug|Any CPU
		Release|Any CPU = Release|Any CPU
	EndGlobalSection
	GlobalSection(ProjectConfigurationPlatforms) = postSolution
		{2A6940F5-27FB-4C65-8F50-544185665219}.Debug|Any CPU.ActiveCfg = Debug|Any CPU
		{2A6940F5-27FB-4C65-8F50-544185665219}.Debug|Any CPU.Build.0 = Debug|Any CPU
		{2A6940F5-27FB-4C65-8F50-544185665219}.Release|Any CPU.ActiveCfg = Release|Any CPU
		{2A6940F5-27FB-4C65-8F50-544185665219}.Release|Any CPU.Build.0 = Release|Any CPU
	EndGlobalSection
	GlobalSection(SolutionProperties) = preSolution
		HideSolutionNode = FALSE
	EndGlobalSection
	GlobalSection(ExtensibilityGlobals) = postSolution
		SolutionGuid = {9B32868C-99F9-45EE-B756-15EA4DB57E82}
	EndGlobalSection
EndGlobal
